// !$*UTF8*$!
{
	archiveVersion = 1;
	classes = {
	};
	objectVersion = 46;
	objects = {

/* Begin PBXBuildFile section */
		1EEB50091CD9E862004678F0 /* main.m in Sources */ = {isa = PBXBuildFile; fileRef = 1EEB50081CD9E862004678F0 /* main.m */; };
		1EEB500C1CD9E862004678F0 /* AppDelegate.m in Sources */ = {isa = PBXBuildFile; fileRef = 1EEB500B1CD9E862004678F0 /* AppDelegate.m */; };
		1EEB500F1CD9E862004678F0 /* FirstViewController.m in Sources */ = {isa = PBXBuildFile; fileRef = 1EEB500E1CD9E862004678F0 /* FirstViewController.m */; };
		1EEB50121CD9E862004678F0 /* Main.storyboard in Resources */ = {isa = PBXBuildFile; fileRef = 1EEB50101CD9E862004678F0 /* Main.storyboard */; };
		1EEB50141CD9E862004678F0 /* Assets.xcassets in Resources */ = {isa = PBXBuildFile; fileRef = 1EEB50131CD9E862004678F0 /* Assets.xcassets */; };
		1EEB50171CD9E862004678F0 /* LaunchScreen.storyboard in Resources */ = {isa = PBXBuildFile; fileRef = 1EEB50151CD9E862004678F0 /* LaunchScreen.storyboard */; };
		1EEB50201CD9E8E6004678F0 /* SecendViewController.m in Sources */ = {isa = PBXBuildFile; fileRef = 1EEB501F1CD9E8E6004678F0 /* SecendViewController.m */; };
		1EEB50231CD9E9CC004678F0 /* ThirdViewController.m in Sources */ = {isa = PBXBuildFile; fileRef = 1EEB50221CD9E9CC004678F0 /* ThirdViewController.m */; };
		1EEB50281CDA2C7B004678F0 /* UIViewController+CustomBackButton.m in Sources */ = {isa = PBXBuildFile; fileRef = 1EEB50271CDA2C7B004678F0 /* UIViewController+CustomBackButton.m */; };
/* End PBXBuildFile section */

/* Begin PBXFileReference section */
		1EEB50041CD9E862004678F0 /* QYNavBackButton.app */ = {isa = PBXFileReference; explicitFileType = wrapper.application; includeInIndex = 0; path = QYNavBackButton.app; sourceTree = BUILT_PRODUCTS_DIR; };
		1EEB50081CD9E862004678F0 /* main.m */ = {isa = PBXFileReference; lastKnownFileType = sourcecode.c.objc; path = main.m; sourceTree = "<group>"; };
		1EEB500A1CD9E862004678F0 /* AppDelegate.h */ = {isa = PBXFileReference; lastKnownFileType = sourcecode.c.h; path = AppDelegate.h; sourceTree = "<group>"; };
		1EEB500B1CD9E862004678F0 /* AppDelegate.m */ = {isa = PBXFileReference; lastKnownFileType = sourcecode.c.objc; path = AppDelegate.m; sourceTree = "<group>"; };
		1EEB500D1CD9E862004678F0 /* FirstViewController.h */ = {isa = PBXFileReference; lastKnownFileType = sourcecode.c.h; path = FirstViewController.h; sourceTree = "<group>"; };
		1EEB500E1CD9E862004678F0 /* FirstViewController.m */ = {isa = PBXFileReference; lastKnownFileType = sourcecode.c.objc; path = FirstViewController.m; sourceTree = "<group>"; };
		1EEB50111CD9E862004678F0 /* Base */ = {isa = PBXFileReference; lastKnownFileType = file.storyboard; name = Base; path = Base.lproj/Main.storyboard; sourceTree = "<group>"; };
		1EEB50131CD9E862004678F0 /* Assets.xcassets */ = {isa = PBXFileReference; lastKnownFileType = folder.assetcatalog; path = Assets.xcassets; sourceTree = "<group>"; };
		1EEB50161CD9E862004678F0 /* Base */ = {isa = PBXFileReference; lastKnownFileType = file.storyboard; name = Base; path = Base.lproj/LaunchScreen.storyboard; sourceTree = "<group>"; };
		1EEB50181CD9E862004678F0 /* Info.plist */ = {isa = PBXFileReference; lastKnownFileType = text.plist.xml; path = Info.plist; sourceTree = "<group>"; };
		1EEB501E1CD9E8E6004678F0 /* SecendViewController.h */ = {isa = PBXFileReference; fileEncoding = 4; lastKnownFileType = sourcecode.c.h; path = SecendViewController.h; sourceTree = "<group>"; };
		1EEB501F1CD9E8E6004678F0 /* SecendViewController.m */ = {isa = PBXFileReference; fileEncoding = 4; lastKnownFileType = sourcecode.c.objc; path = SecendViewController.m; sourceTree = "<group>"; };
		1EEB50211CD9E9CC004678F0 /* ThirdViewController.h */ = {isa = PBXFileReference; fileEncoding = 4; lastKnownFileType = sourcecode.c.h; path = ThirdViewController.h; sourceTree = "<group>"; };
		1EEB50221CD9E9CC004678F0 /* ThirdViewController.m */ = {isa = PBXFileReference; fileEncoding = 4; lastKnownFileType = sourcecode.c.objc; path = ThirdViewController.m; sourceTree = "<group>"; };
		1EEB50261CDA2C7B004678F0 /* UIViewController+CustomBackButton.h */ = {isa = PBXFileReference; fileEncoding = 4; lastKnownFileType = sourcecode.c.h; path = "UIViewController+CustomBackButton.h"; sourceTree = "<group>"; };
		1EEB50271CDA2C7B004678F0 /* UIViewController+CustomBackButton.m */ = {isa = PBXFileReference; fileEncoding = 4; lastKnownFileType = sourcecode.c.objc; path = "UIViewController+CustomBackButton.m"; sourceTree = "<group>"; };
/* End PBXFileReference section */

/* Begin PBXFrameworksBuildPhase section */
		1EEB50011CD9E862004678F0 /* Frameworks */ = {
			isa = PBXFrameworksBuildPhase;
			buildActionMask = 2147483647;
			files = (
			);
			runOnlyForDeploymentPostprocessing = 0;
		};
/* End PBXFrameworksBuildPhase section */

/* Begin PBXGroup section */
		1EEB4FFB1CD9E862004678F0 = {
			isa = PBXGroup;
			children = (
				1EEB50061CD9E862004678F0 /* QYNavBackButton */,
				1EEB50051CD9E862004678F0 /* Products */,
			);
			sourceTree = "<group>";
		};
		1EEB50051CD9E862004678F0 /* Products */ = {
			isa = PBXGroup;
			children = (
				1EEB50041CD9E862004678F0 /* QYNavBackButton.app */,
			);
			name = Products;
			sourceTree = "<group>";
		};
		1EEB50061CD9E862004678F0 /* QYNavBackButton */ = {
			isa = PBXGroup;
			children = (
				1EEB50291CDA2C83004678F0 /* QYNavBackButton */,
				1EEB500A1CD9E862004678F0 /* AppDelegate.h */,
				1EEB500B1CD9E862004678F0 /* AppDelegate.m */,
				1EEB500D1CD9E862004678F0 /* FirstViewController.h */,
				1EEB500E1CD9E862004678F0 /* FirstViewController.m */,
				1EEB501E1CD9E8E6004678F0 /* SecendViewController.h */,
				1EEB501F1CD9E8E6004678F0 /* SecendViewController.m */,
				1EEB50211CD9E9CC004678F0 /* ThirdViewController.h */,
				1EEB50221CD9E9CC004678F0 /* ThirdViewController.m */,
				1EEB50101CD9E862004678F0 /* Main.storyboard */,
				1EEB50131CD9E862004678F0 /* Assets.xcassets */,
				1EEB50151CD9E862004678F0 /* LaunchScreen.storyboard */,
				1EEB50181CD9E862004678F0 /* Info.plist */,
				1EEB50071CD9E862004678F0 /* Supporting Files */,
			);
			path = QYNavBackButton;
			sourceTree = "<group>";
		};
		1EEB50071CD9E862004678F0 /* Supporting Files */ = {
			isa = PBXGroup;
			children = (
				1EEB50081CD9E862004678F0 /* main.m */,
			);
			name = "Supporting Files";
			sourceTree = "<group>";
		};
		1EEB50291CDA2C83004678F0 /* QYNavBackButton */ = {
			isa = PBXGroup;
			children = (
				1EEB50261CDA2C7B004678F0 /* UIViewController+CustomBackButton.h */,
				1EEB50271CDA2C7B004678F0 /* UIViewController+CustomBackButton.m */,
			);
			path = QYNavBackButton;
			sourceTree = "<group>";
		};
/* End PBXGroup section */

/* Begin PBXNativeTarget section */
		1EEB50031CD9E862004678F0 /* QYNavBackButton */ = {
			isa = PBXNativeTarget;
			buildConfigurationList = 1EEB501B1CD9E862004678F0 /* Build configuration list for PBXNativeTarget "QYNavBackButton" */;
			buildPhases = (
				1EEB50001CD9E862004678F0 /* Sources */,
				1EEB50011CD9E862004678F0 /* Frameworks */,
				1EEB50021CD9E862004678F0 /* Resources */,
			);
			buildRules = (
			);
			dependencies = (
			);
			name = QYNavBackButton;
			productName = QYNavBackButton;
			productReference = 1EEB50041CD9E862004678F0 /* QYNavBackButton.app */;
			productType = "com.apple.product-type.application";
		};
/* End PBXNativeTarget section */

/* Begin PBXProject section */
		1EEB4FFC1CD9E862004678F0 /* Project object */ = {
			isa = PBXProject;
			attributes = {
				LastUpgradeCheck = 0730;
				ORGANIZATIONNAME = qianye;
				TargetAttributes = {
					1EEB50031CD9E862004678F0 = {
						CreatedOnToolsVersion = 7.3;
					};
				};
			};
			buildConfigurationList = 1EEB4FFF1CD9E862004678F0 /* Build configuration list for PBXProject "QYNavBackButton" */;
			compatibilityVersion = "Xcode 3.2";
			developmentRegion = English;
			hasScannedForEncodings = 0;
			knownRegions = (
				en,
				Base,
			);
			mainGroup = 1EEB4FFB1CD9E862004678F0;
			productRefGroup = 1EEB50051CD9E862004678F0 /* Products */;
			projectDirPath = "";
			projectRoot = "";
			targets = (
				1EEB50031CD9E862004678F0 /* QYNavBackButton */,
			);
		};
/* End PBXProject section */

/* Begin PBXResourcesBuildPhase section */
		1EEB50021CD9E862004678F0 /* Resources */ = {
			isa = PBXResourcesBuildPhase;
			buildActionMask = 2147483647;
			files = (
				1EEB50171CD9E862004678F0 /* LaunchScreen.storyboard in Resources */,
				1EEB50141CD9E862004678F0 /* Assets.xcassets in Resources */,
				1EEB50121CD9E862004678F0 /* Main.storyboard in Resources */,
			);
			runOnlyForDeploymentPostprocessing = 0;
		};
/* End PBXResourcesBuildPhase section */

/* Begin PBXSourcesBuildPhase section */
		1EEB50001CD9E862004678F0 /* Sources */ = {
			isa = PBXSourcesBuildPhase;
			buildActionMask = 2147483647;
			files = (
				1EEB500F1CD9E862004678F0 /* FirstViewController.m in Sources */,
				1EEB50231CD9E9CC004678F0 /* ThirdViewController.m in Sources */,
				1EEB50281CDA2C7B004678F0 /* UIViewController+CustomBackButton.m in Sources */,
				1EEB500C1CD9E862004678F0 /* AppDelegate.m in Sources */,
				1EEB50201CD9E8E6004678F0 /* SecendViewController.m in Sources */,
				1EEB50091CD9E862004678F0 /* main.m in Sources */,
			);
			runOnlyForDeploymentPostprocessing = 0;
		};
/* End PBXSourcesBuildPhase section */

/* Begin PBXVariantGroup section */
		1EEB50101CD9E862004678F0 /* Main.storyboard */ = {
			isa = PBXVariantGroup;
			children = (
				1EEB50111CD9E862004678F0 /* Base */,
			);
			name = Main.storyboard;
			sourceTree = "<group>";
		};
		1EEB50151CD9E862004678F0 /* LaunchScreen.storyboard */ = {
			isa = PBXVariantGroup;
			children = (
				1EEB50161CD9E862004678F0 /* Base */,
			);
			name = LaunchScreen.storyboard;
			sourceTree = "<group>";
		};
/* End PBXVariantGroup section */

/* Begin XCBuildConfiguration section */
		1EEB50191CD9E862004678F0 /* Debug */ = {
			isa = XCBuildConfiguration;
			buildSettings = {
				ALWAYS_SEARCH_USER_PATHS = NO;
				CLANG_ANALYZER_NONNULL = YES;
				CLANG_CXX_LANGUAGE_STANDARD = "gnu++0x";
				CLANG_CXX_LIBRARY = "libc++";
				CLANG_ENABLE_MODULES = YES;
				CLANG_ENABLE_OBJC_ARC = YES;
				CLANG_WARN_BOOL_CONVERSION = YES;
				CLANG_WARN_CONSTANT_CONVERSION = YES;
				CLANG_WARN_DIRECT_OBJC_ISA_USAGE = YES_ERROR;
				CLANG_WARN_EMPTY_BODY = YES;
				CLANG_WARN_ENUM_CONVERSION = YES;
				CLANG_WARN_INT_CONVERSION = YES;
				CLANG_WARN_OBJC_ROOT_CLASS = YES_ERROR;
				CLANG_WARN_UNREACHABLE_CODE = YES;
				CLANG_WARN__DUPLICATE_METHOD_MATCH = YES;
				"CODE_SIGN_IDENTITY[sdk=iphoneos*]" = "iPhone Developer";
				COPY_PHASE_STRIP = NO;
				DEBUG_INFORMATION_FORMAT = dwarf;
				ENABLE_STRICT_OBJC_MSGSEND = YES;
				ENABLE_TESTABILITY = YES;
				GCC_C_LANGUAGE_STANDARD = gnu99;
				GCC_DYNAMIC_NO_PIC = NO;
				GCC_NO_COMMON_BLOCKS = YES;
				GCC_OPTIMIZATION_LEVEL = 0;
				GCC_PREPROCESSOR_DEFINITIONS = (
					"DEBUG=1",
					"$(inherited)",
				);
				GCC_WARN_64_TO_32_BIT_CONVERSION = YES;
				GCC_WARN_ABOUT_RETURN_TYPE = YES_ERROR;
				GCC_WARN_UNDECLARED_SELECTOR = YES;
				GCC_WARN_UNINITIALIZED_AUTOS = YES_AGGRESSIVE;
				GCC_WARN_UNUSED_FUNCTION = YES;
				GCC_WARN_UNUSED_VARIABLE = YES;
				IPHONEOS_DEPLOYMENT_TARGET = 9.3;
				MTL_ENABLE_DEBUG_INFO = YES;
				ONLY_ACTIVE_ARCH = YES;
				SDKROOT = iphoneos;
				TARGETED_DEVICE_FAMILY = "1,2";
			};
			name = Debug;
		};
		1EEB501A1CD9E862004678F0 /* Release */ = {
			isa = XCBuildConfiguration;
			buildSettings = {
				ALWAYS_SEARCH_USER_PATHS = NO;
				CLANG_ANALYZER_NONNULL = YES;
				CLANG_CXX_LANGUAGE_STANDARD = "gnu++0x";
				CLANG_CXX_LIBRARY = "libc++";
				CLANG_ENABLE_MODULES = YES;
				CLANG_ENABLE_OBJC_ARC = YES;
				CLANG_WARN_BOOL_CONVERSION = YES;
				CLANG_WARN_CONSTANT_CONVERSION = YES;
				CLANG_WARN_DIRECT_OBJC_ISA_USAGE = YES_ERROR;
				CLANG_WARN_EMPTY_BODY = YES;
				CLANG_WARN_ENUM_CONVERSION = YES;
				CLANG_WARN_INT_CONVERSION = YES;
				CLANG_WARN_OBJC_ROOT_CLASS = YES_ERROR;
				CLANG_WARN_UNREACHABLE_CODE = YES;
				CLANG_WARN__DUPLICATE_METHOD_MATCH = YES;
				"CODE_SIGN_IDENTITY[sdk=iphoneos*]" = "iPhone Developer";
				COPY_PHASE_STRIP = NO;
				DEBUG_INFORMATION_FORMAT = "dwarf-with-dsym";
				ENABLE_NS_ASSERTIONS = NO;
				ENABLE_STRICT_OBJC_MSGSEND = YES;
				GCC_C_LANGUAGE_STANDARD = gnu99;
				GCC_NO_COMMON_BLOCKS = YES;
				GCC_WARN_64_TO_32_BIT_CONVERSION = YES;
				GCC_WARN_ABOUT_RETURN_TYPE = YES_ERROR;
				GCC_WARN_UNDECLARED_SELECTOR = YES;
				GCC_WARN_UNINITIALIZED_AUTOS = YES_AGGRESSIVE;
				GCC_WARN_UNUSED_FUNCTION = YES;
				GCC_WARN_UNUSED_VARIABLE = YES;
				IPHONEOS_DEPLOYMENT_TARGET = 9.3;
				MTL_ENABLE_DEBUG_INFO = NO;
				SDKROOT = iphoneos;
				TARGETED_DEVICE_FAMILY = "1,2";
				VALIDATE_PRODUCT = YES;
			};
			name = Release;
		};
		1EEB501C1CD9E862004678F0 /* Debug */ = {
			isa = XCBuildConfiguration;
			buildSettings = {
				ASSETCATALOG_COMPILER_APPICON_NAME = AppIcon;
				INFOPLIST_FILE = QYNavBackButton/Info.plist;
				LD_RUNPATH_SEARCH_PATHS = "$(inherited) @executable_path/Frameworks";
				PRODUCT_BUNDLE_IDENTIFIER = com.qianye.QYNavBackButton;
				PRODUCT_NAME = "$(TARGET_NAME)";
			};
			name = Debug;
		};
		1EEB501D1CD9E862004678F0 /* Release */ = {
			isa = XCBuildConfiguration;
			buildSettings = {
				ASSETCATALOG_COMPILER_APPICON_NAME = AppIcon;
				INFOPLIST_FILE = QYNavBackButton/Info.plist;
				LD_RUNPATH_SEARCH_PATHS = "$(inherited) @executable_path/Frameworks";
				PRODUCT_BUNDLE_IDENTIFIER = com.qianye.QYNavBackButton;
				PRODUCT_NAME = "$(TARGET_NAME)";
			};
			name = Release;
		};
/* End XCBuildConfiguration section */

/* Begin XCConfigurationList section */
		1EEB4FFF1CD9E862004678F0 /* Build configuration list for PBXProject "QYNavBackButton" */ = {
			isa = XCConfigurationList;
			buildConfigurations = (
				1EEB50191CD9E862004678F0 /* Debug */,
				1EEB501A1CD9E862004678F0 /* Release */,
			);
			defaultConfigurationIsVisible = 0;
			defaultConfigurationName = Release;
		};
		1EEB501B1CD9E862004678F0 /* Build configuration list for PBXNativeTarget "QYNavBackButton" */ = {
			isa = XCConfigurationList;
			buildConfigurations = (
				1EEB501C1CD9E862004678F0 /* Debug */,
				1EEB501D1CD9E862004678F0 /* Release */,
			);
			defaultConfigurationIsVisible = 0;
		};
/* End XCConfigurationList section */
	};
	rootObject = 1EEB4FFC1CD9E862004678F0 /* Project object */;
}
